
Microsoft Visual Studio Solution File, Format Version 12.00
# Visual Studio Version 17
VisualStudioVersion = 17.5.33516.290
MinimumVisualStudioVersion = 10.0.40219.1
Project("{9A19103F-16F7-4668-BE54-9A1E7A4F7556}") = "api-counter.wwwapi", "api-counter.wwwapi\api-counter.wwwapi.csproj", "{6F0A12DF-25AB-4334-9302-5889906DD315}"
EndProject
Project("{2150E333-8FDC-42A3-9474-1A3956D46DE8}") = "Solution Items", "Solution Items", "{2B725F90-8ABE-4C35-8A6E-54A7C0DE1861}"
	ProjectSection(SolutionItems) = preProject
		.gitignore = .gitignore
		README.md = README.md
	EndProjectSection
EndProject
Project("{9A19103F-16F7-4668-BE54-9A1E7A4F7556}") = "api-counter.wwwapi8", "api-counter.wwwapi8\api-counter.wwwapi8.csproj", "{884044E9-4B80-477C-B35F-8C8AE6AD1FEF}"
EndProject
Global
	GlobalSection(SolutionConfigurationPlatforms) = preSolution
		Debug|Any CPU = Debug|Any CPU
		Release|Any CPU = Release|Any CPU
	EndGlobalSection
	GlobalSection(ProjectConfigurationPlatforms) = postSolution
		{6F0A12DF-25AB-4334-9302-5889906DD315}.Debug|Any CPU.ActiveCfg = Debug|Any CPU
		{6F0A12DF-25AB-4334-9302-5889906DD315}.Debug|Any CPU.Build.0 = Debug|Any CPU
		{6F0A12DF-25AB-4334-9302-5889906DD315}.Release|Any CPU.ActiveCfg = Release|Any CPU
		{6F0A12DF-25AB-4334-9302-5889906DD315}.Release|Any CPU.Build.0 = Release|Any CPU
		{884044E9-4B80-477C-B35F-8C8AE6AD1FEF}.Debug|Any CPU.ActiveCfg = Debug|Any CPU
		{884044E9-4B80-477C-B35F-8C8AE6AD1FEF}.Debug|Any CPU.Build.0 = Debug|Any CPU
		{884044E9-4B80-477C-B35F-8C8AE6AD1FEF}.Release|Any CPU.ActiveCfg = Release|Any CPU
		{884044E9-4B80-477C-B35F-8C8AE6AD1FEF}.Release|Any CPU.Build.0 = Release|Any CPU
	EndGlobalSection
	GlobalSection(SolutionProperties) = preSolution
		HideSolutionNode = FALSE
	EndGlobalSection
	GlobalSection(ExtensibilityGlobals) = postSolution
		SolutionGuid = {86B24415-A093-4462-8887-1C67A057006A}
	EndGlobalSection
EndGlobal
